// !$*UTF8*$!
{
	archiveVersion = 1;
	classes = {
	};
	objectVersion = 48;
	objects = {

/* Begin PBXBuildFile section */
		BE06E48B1F6DC8E300B68A39 /* OCNElectionViewController.m in Sources */ = {isa = PBXBuildFile; fileRef = BE06E48A1F6DC8E300B68A39 /* OCNElectionViewController.m */; };
		BEC8A73C1F6D7717001BBDBE /* AppDelegate.m in Sources */ = {isa = PBXBuildFile; fileRef = BEC8A73B1F6D7717001BBDBE /* AppDelegate.m */; };
		BEC8A7441F6D7717001BBDBE /* Assets.xcassets in Resources */ = {isa = PBXBuildFile; fileRef = BEC8A7431F6D7717001BBDBE /* Assets.xcassets */; };
		BEC8A7471F6D7717001BBDBE /* LaunchScreen.storyboard in Resources */ = {isa = PBXBuildFile; fileRef = BEC8A7451F6D7717001BBDBE /* LaunchScreen.storyboard */; };
		BEC8A74A1F6D7717001BBDBE /* main.m in Sources */ = {isa = PBXBuildFile; fileRef = BEC8A7491F6D7717001BBDBE /* main.m */; };
		BEC8A7521F6D9470001BBDBE /* OCNScanViewController.m in Sources */ = {isa = PBXBuildFile; fileRef = BEC8A7511F6D9470001BBDBE /* OCNScanViewController.m */; };
		BEC8A7551F6D94F5001BBDBE /* OCNLoginManager.m in Sources */ = {isa = PBXBuildFile; fileRef = BEC8A7541F6D94F5001BBDBE /* OCNLoginManager.m */; };
		BEC8A75A1F6D9891001BBDBE /* OCNScanPrivateKeyViewController.m in Sources */ = {isa = PBXBuildFile; fileRef = BEC8A7591F6D9891001BBDBE /* OCNScanPrivateKeyViewController.m */; };
		BEC8A75D1F6D999D001BBDBE /* OCNQuestion.m in Sources */ = {isa = PBXBuildFile; fileRef = BEC8A75C1F6D999D001BBDBE /* OCNQuestion.m */; };
		BEC8A7611F6D9AC7001BBDBE /* OCNTheme.m in Sources */ = {isa = PBXBuildFile; fileRef = BEC8A7601F6D9AC7001BBDBE /* OCNTheme.m */; };
		BEC8A7641F6D9D1E001BBDBE /* AutolayoutHelper.m in Sources */ = {isa = PBXBuildFile; fileRef = BEC8A7631F6D9D1E001BBDBE /* AutolayoutHelper.m */; };
		BEC8A76A1F6DA2E0001BBDBE /* OCNStandardBackgroundViewController.m in Sources */ = {isa = PBXBuildFile; fileRef = BEC8A7691F6DA2E0001BBDBE /* OCNStandardBackgroundViewController.m */; };
		BEC8A76D1F6DA63C001BBDBE /* OCNVoteTableViewCell.m in Sources */ = {isa = PBXBuildFile; fileRef = BEC8A76C1F6DA63C001BBDBE /* OCNVoteTableViewCell.m */; };
		BEC8A7711F6DA704001BBDBE /* OCNCircleTextView.m in Sources */ = {isa = PBXBuildFile; fileRef = BEC8A7701F6DA704001BBDBE /* OCNCircleTextView.m */; };
		BEC8A7741F6DBA24001BBDBE /* UITableView+LongPressReorder.m in Sources */ = {isa = PBXBuildFile; fileRef = BEC8A7731F6DBA24001BBDBE /* UITableView+LongPressReorder.m */; };
/* End PBXBuildFile section */

/* Begin PBXFileReference section */
		BE06E4891F6DC8E300B68A39 /* OCNElectionViewController.h */ = {isa = PBXFileReference; lastKnownFileType = sourcecode.c.h; path = OCNElectionViewController.h; sourceTree = "<group>"; };
		BE06E48A1F6DC8E300B68A39 /* OCNElectionViewController.m */ = {isa = PBXFileReference; lastKnownFileType = sourcecode.c.objc; path = OCNElectionViewController.m; sourceTree = "<group>"; };
		BEC8A7371F6D7717001BBDBE /* Oceans.app */ = {isa = PBXFileReference; explicitFileType = wrapper.application; includeInIndex = 0; path = Oceans.app; sourceTree = BUILT_PRODUCTS_DIR; };
		BEC8A73A1F6D7717001BBDBE /* AppDelegate.h */ = {isa = PBXFileReference; lastKnownFileType = sourcecode.c.h; path = AppDelegate.h; sourceTree = "<group>"; };
		BEC8A73B1F6D7717001BBDBE /* AppDelegate.m */ = {isa = PBXFileReference; lastKnownFileType = sourcecode.c.objc; path = AppDelegate.m; sourceTree = "<group>"; };
		BEC8A7431F6D7717001BBDBE /* Assets.xcassets */ = {isa = PBXFileReference; lastKnownFileType = folder.assetcatalog; path = Assets.xcassets; sourceTree = "<group>"; };
		BEC8A7461F6D7717001BBDBE /* Base */ = {isa = PBXFileReference; lastKnownFileType = file.storyboard; name = Base; path = Base.lproj/LaunchScreen.storyboard; sourceTree = "<group>"; };
		BEC8A7481F6D7717001BBDBE /* Info.plist */ = {isa = PBXFileReference; lastKnownFileType = text.plist.xml; path = Info.plist; sourceTree = "<group>"; };
		BEC8A7491F6D7717001BBDBE /* main.m */ = {isa = PBXFileReference; lastKnownFileType = sourcecode.c.objc; path = main.m; sourceTree = "<group>"; };
		BEC8A7501F6D9470001BBDBE /* OCNScanViewController.h */ = {isa = PBXFileReference; lastKnownFileType = sourcecode.c.h; path = OCNScanViewController.h; sourceTree = "<group>"; };
		BEC8A7511F6D9470001BBDBE /* OCNScanViewController.m */ = {isa = PBXFileReference; lastKnownFileType = sourcecode.c.objc; path = OCNScanViewController.m; sourceTree = "<group>"; };
		BEC8A7531F6D94F5001BBDBE /* OCNLoginManager.h */ = {isa = PBXFileReference; lastKnownFileType = sourcecode.c.h; path = OCNLoginManager.h; sourceTree = "<group>"; };
		BEC8A7541F6D94F5001BBDBE /* OCNLoginManager.m */ = {isa = PBXFileReference; lastKnownFileType = sourcecode.c.objc; path = OCNLoginManager.m; sourceTree = "<group>"; };
		BEC8A7581F6D9891001BBDBE /* OCNScanPrivateKeyViewController.h */ = {isa = PBXFileReference; lastKnownFileType = sourcecode.c.h; path = OCNScanPrivateKeyViewController.h; sourceTree = "<group>"; };
		BEC8A7591F6D9891001BBDBE /* OCNScanPrivateKeyViewController.m */ = {isa = PBXFileReference; lastKnownFileType = sourcecode.c.objc; path = OCNScanPrivateKeyViewController.m; sourceTree = "<group>"; };
		BEC8A75B1F6D999D001BBDBE /* OCNQuestion.h */ = {isa = PBXFileReference; lastKnownFileType = sourcecode.c.h; path = OCNQuestion.h; sourceTree = "<group>"; };
		BEC8A75C1F6D999D001BBDBE /* OCNQuestion.m */ = {isa = PBXFileReference; lastKnownFileType = sourcecode.c.objc; path = OCNQuestion.m; sourceTree = "<group>"; };
		BEC8A75F1F6D9AC7001BBDBE /* OCNTheme.h */ = {isa = PBXFileReference; lastKnownFileType = sourcecode.c.h; path = OCNTheme.h; sourceTree = "<group>"; };
		BEC8A7601F6D9AC7001BBDBE /* OCNTheme.m */ = {isa = PBXFileReference; lastKnownFileType = sourcecode.c.objc; path = OCNTheme.m; sourceTree = "<group>"; };
		BEC8A7621F6D9D17001BBDBE /* AutolayoutHelper.h */ = {isa = PBXFileReference; lastKnownFileType = sourcecode.c.h; path = AutolayoutHelper.h; sourceTree = "<group>"; };
		BEC8A7631F6D9D1E001BBDBE /* AutolayoutHelper.m */ = {isa = PBXFileReference; fileEncoding = 4; lastKnownFileType = sourcecode.c.objc; path = AutolayoutHelper.m; sourceTree = "<group>"; };
		BEC8A7681F6DA2E0001BBDBE /* OCNStandardBackgroundViewController.h */ = {isa = PBXFileReference; lastKnownFileType = sourcecode.c.h; path = OCNStandardBackgroundViewController.h; sourceTree = "<group>"; };
		BEC8A7691F6DA2E0001BBDBE /* OCNStandardBackgroundViewController.m */ = {isa = PBXFileReference; lastKnownFileType = sourcecode.c.objc; path = OCNStandardBackgroundViewController.m; sourceTree = "<group>"; };
		BEC8A76B1F6DA63C001BBDBE /* OCNVoteTableViewCell.h */ = {isa = PBXFileReference; lastKnownFileType = sourcecode.c.h; path = OCNVoteTableViewCell.h; sourceTree = "<group>"; };
		BEC8A76C1F6DA63C001BBDBE /* OCNVoteTableViewCell.m */ = {isa = PBXFileReference; lastKnownFileType = sourcecode.c.objc; path = OCNVoteTableViewCell.m; sourceTree = "<group>"; };
		BEC8A76F1F6DA704001BBDBE /* OCNCircleTextView.h */ = {isa = PBXFileReference; lastKnownFileType = sourcecode.c.h; path = OCNCircleTextView.h; sourceTree = "<group>"; };
		BEC8A7701F6DA704001BBDBE /* OCNCircleTextView.m */ = {isa = PBXFileReference; lastKnownFileType = sourcecode.c.objc; path = OCNCircleTextView.m; sourceTree = "<group>"; };
		BEC8A7721F6DBA24001BBDBE /* UITableView+LongPressReorder.h */ = {isa = PBXFileReference; fileEncoding = 4; lastKnownFileType = sourcecode.c.h; name = "UITableView+LongPressReorder.h"; path = "../../../../../Downloads/UITableView-Reorder-master/UITableView+Reorder/UITableView+LongPressReorder.h"; sourceTree = "<group>"; };
		BEC8A7731F6DBA24001BBDBE /* UITableView+LongPressReorder.m */ = {isa = PBXFileReference; fileEncoding = 4; lastKnownFileType = sourcecode.c.objc; name = "UITableView+LongPressReorder.m"; path = "../../../../../Downloads/UITableView-Reorder-master/UITableView+Reorder/UITableView+LongPressReorder.m"; sourceTree = "<group>"; };
/* End PBXFileReference section */

/* Begin PBXFrameworksBuildPhase section */
		BEC8A7341F6D7717001BBDBE /* Frameworks */ = {
			isa = PBXFrameworksBuildPhase;
			buildActionMask = 2147483647;
			files = (
			);
			runOnlyForDeploymentPostprocessing = 0;
		};
/* End PBXFrameworksBuildPhase section */

/* Begin PBXGroup section */
		BEC8A72E1F6D7717001BBDBE = {
			isa = PBXGroup;
			children = (
				BEC8A7391F6D7717001BBDBE /* Oceans */,
				BEC8A7381F6D7717001BBDBE /* Products */,
			);
			sourceTree = "<group>";
		};
		BEC8A7381F6D7717001BBDBE /* Products */ = {
			isa = PBXGroup;
			children = (
				BEC8A7371F6D7717001BBDBE /* Oceans.app */,
			);
			name = Products;
			sourceTree = "<group>";
		};
		BEC8A7391F6D7717001BBDBE /* Oceans */ = {
			isa = PBXGroup;
			children = (
				BEC8A76E1F6DA63F001BBDBE /* Views */,
				BEC8A7651F6D9D24001BBDBE /* 3rd party */,
				BEC8A73A1F6D7717001BBDBE /* AppDelegate.h */,
				BEC8A73B1F6D7717001BBDBE /* AppDelegate.m */,
				BEC8A75F1F6D9AC7001BBDBE /* OCNTheme.h */,
				BEC8A7601F6D9AC7001BBDBE /* OCNTheme.m */,
				BEC8A75E1F6D99A1001BBDBE /* Model */,
				BEC8A7561F6D9521001BBDBE /* View Controller */,
				BEC8A7571F6D952A001BBDBE /* Data Layer */,
				BEC8A7431F6D7717001BBDBE /* Assets.xcassets */,
				BEC8A7451F6D7717001BBDBE /* LaunchScreen.storyboard */,
				BEC8A7481F6D7717001BBDBE /* Info.plist */,
				BEC8A7491F6D7717001BBDBE /* main.m */,
			);
			path = Oceans;
			sourceTree = "<group>";
		};
		BEC8A7561F6D9521001BBDBE /* View Controller */ = {
			isa = PBXGroup;
			children = (
				BE06E4891F6DC8E300B68A39 /* OCNElectionViewController.h */,
				BE06E48A1F6DC8E300B68A39 /* OCNElectionViewController.m */,
				BEC8A7581F6D9891001BBDBE /* OCNScanPrivateKeyViewController.h */,
				BEC8A7591F6D9891001BBDBE /* OCNScanPrivateKeyViewController.m */,
				BEC8A7681F6DA2E0001BBDBE /* OCNStandardBackgroundViewController.h */,
				BEC8A7691F6DA2E0001BBDBE /* OCNStandardBackgroundViewController.m */,
				BEC8A7501F6D9470001BBDBE /* OCNScanViewController.h */,
				BEC8A7511F6D9470001BBDBE /* OCNScanViewController.m */,
			);
			path = "View Controller";
			sourceTree = "<group>";
		};
		BEC8A7571F6D952A001BBDBE /* Data Layer */ = {
			isa = PBXGroup;
			children = (
				BEC8A7531F6D94F5001BBDBE /* OCNLoginManager.h */,
				BEC8A7541F6D94F5001BBDBE /* OCNLoginManager.m */,
			);
			path = "Data Layer";
			sourceTree = "<group>";
		};
		BEC8A75E1F6D99A1001BBDBE /* Model */ = {
			isa = PBXGroup;
			children = (
				BEC8A75B1F6D999D001BBDBE /* OCNQuestion.h */,
				BEC8A75C1F6D999D001BBDBE /* OCNQuestion.m */,
			);
			path = Model;
			sourceTree = "<group>";
		};
		BEC8A7651F6D9D24001BBDBE /* 3rd party */ = {
			isa = PBXGroup;
			children = (
				BEC8A7721F6DBA24001BBDBE /* UITableView+LongPressReorder.h */,
				BEC8A7731F6DBA24001BBDBE /* UITableView+LongPressReorder.m */,
				BEC8A7621F6D9D17001BBDBE /* AutolayoutHelper.h */,
				BEC8A7631F6D9D1E001BBDBE /* AutolayoutHelper.m */,
			);
			path = "3rd party";
			sourceTree = "<group>";
		};
		BEC8A76E1F6DA63F001BBDBE /* Views */ = {
			isa = PBXGroup;
			children = (
				BEC8A76B1F6DA63C001BBDBE /* OCNVoteTableViewCell.h */,
				BEC8A76C1F6DA63C001BBDBE /* OCNVoteTableViewCell.m */,
				BEC8A76F1F6DA704001BBDBE /* OCNCircleTextView.h */,
				BEC8A7701F6DA704001BBDBE /* OCNCircleTextView.m */,
			);
			path = Views;
			sourceTree = "<group>";
		};
/* End PBXGroup section */

/* Begin PBXNativeTarget section */
		BEC8A7361F6D7717001BBDBE /* Oceans */ = {
			isa = PBXNativeTarget;
			buildConfigurationList = BEC8A74D1F6D7717001BBDBE /* Build configuration list for PBXNativeTarget "Oceans" */;
			buildPhases = (
				BEC8A7331F6D7717001BBDBE /* Sources */,
				BEC8A7341F6D7717001BBDBE /* Frameworks */,
				BEC8A7351F6D7717001BBDBE /* Resources */,
			);
			buildRules = (
			);
			dependencies = (
			);
			name = Oceans;
			productName = Oceans;
			productReference = BEC8A7371F6D7717001BBDBE /* Oceans.app */;
			productType = "com.apple.product-type.application";
		};
/* End PBXNativeTarget section */

/* Begin PBXProject section */
		BEC8A72F1F6D7717001BBDBE /* Project object */ = {
			isa = PBXProject;
			attributes = {
				LastUpgradeCheck = 0900;
				ORGANIZATIONNAME = "Jason Felix Scharff";
				TargetAttributes = {
					BEC8A7361F6D7717001BBDBE = {
						CreatedOnToolsVersion = 9.0;
					};
				};
			};
			buildConfigurationList = BEC8A7321F6D7717001BBDBE /* Build configuration list for PBXProject "Oceans" */;
			compatibilityVersion = "Xcode 8.0";
			developmentRegion = en;
			hasScannedForEncodings = 0;
			knownRegions = (
				en,
				Base,
			);
			mainGroup = BEC8A72E1F6D7717001BBDBE;
			productRefGroup = BEC8A7381F6D7717001BBDBE /* Products */;
			projectDirPath = "";
			projectRoot = "";
			targets = (
				BEC8A7361F6D7717001BBDBE /* Oceans */,
			);
		};
/* End PBXProject section */

/* Begin PBXResourcesBuildPhase section */
		BEC8A7351F6D7717001BBDBE /* Resources */ = {
			isa = PBXResourcesBuildPhase;
			buildActionMask = 2147483647;
			files = (
				BEC8A7471F6D7717001BBDBE /* LaunchScreen.storyboard in Resources */,
				BEC8A7441F6D7717001BBDBE /* Assets.xcassets in Resources */,
			);
			runOnlyForDeploymentPostprocessing = 0;
		};
/* End PBXResourcesBuildPhase section */

/* Begin PBXSourcesBuildPhase section */
		BEC8A7331F6D7717001BBDBE /* Sources */ = {
			isa = PBXSourcesBuildPhase;
			buildActionMask = 2147483647;
			files = (
				BE06E48B1F6DC8E300B68A39 /* OCNElectionViewController.m in Sources */,
				BEC8A7551F6D94F5001BBDBE /* OCNLoginManager.m in Sources */,
				BEC8A74A1F6D7717001BBDBE /* main.m in Sources */,
				BEC8A76D1F6DA63C001BBDBE /* OCNVoteTableViewCell.m in Sources */,
				BEC8A75D1F6D999D001BBDBE /* OCNQuestion.m in Sources */,
				BEC8A76A1F6DA2E0001BBDBE /* OCNStandardBackgroundViewController.m in Sources */,
				BEC8A73C1F6D7717001BBDBE /* AppDelegate.m in Sources */,
				BEC8A7641F6D9D1E001BBDBE /* AutolayoutHelper.m in Sources */,
				BEC8A7741F6DBA24001BBDBE /* UITableView+LongPressReorder.m in Sources */,
				BEC8A75A1F6D9891001BBDBE /* OCNScanPrivateKeyViewController.m in Sources */,
				BEC8A7611F6D9AC7001BBDBE /* OCNTheme.m in Sources */,
				BEC8A7711F6DA704001BBDBE /* OCNCircleTextView.m in Sources */,
				BEC8A7521F6D9470001BBDBE /* OCNScanViewController.m in Sources */,
			);
			runOnlyForDeploymentPostprocessing = 0;
		};
/* End PBXSourcesBuildPhase section */

/* Begin PBXVariantGroup section */
		BEC8A7451F6D7717001BBDBE /* LaunchScreen.storyboard */ = {
			isa = PBXVariantGroup;
			children = (
				BEC8A7461F6D7717001BBDBE /* Base */,
			);
			name = LaunchScreen.storyboard;
			sourceTree = "<group>";
		};
/* End PBXVariantGroup section */

/* Begin XCBuildConfiguration section */
		BEC8A74B1F6D7717001BBDBE /* Debug */ = {
			isa = XCBuildConfiguration;
			buildSettings = {
				ALWAYS_SEARCH_USER_PATHS = NO;
				CLANG_ANALYZER_NONNULL = YES;
				CLANG_ANALYZER_NUMBER_OBJECT_CONVERSION = YES_AGGRESSIVE;
				CLANG_CXX_LANGUAGE_STANDARD = "gnu++14";
				CLANG_CXX_LIBRARY = "libc++";
				CLANG_ENABLE_MODULES = YES;
				CLANG_ENABLE_OBJC_ARC = YES;
				CLANG_WARN_BLOCK_CAPTURE_AUTORELEASING = YES;
				CLANG_WARN_BOOL_CONVERSION = YES;
				CLANG_WARN_COMMA = YES;
				CLANG_WARN_CONSTANT_CONVERSION = YES;
				CLANG_WARN_DIRECT_OBJC_ISA_USAGE = YES_ERROR;
				CLANG_WARN_DOCUMENTATION_COMMENTS = YES;
				CLANG_WARN_EMPTY_BODY = YES;
				CLANG_WARN_ENUM_CONVERSION = YES;
				CLANG_WARN_INFINITE_RECURSION = YES;
				CLANG_WARN_INT_CONVERSION = YES;
				CLANG_WARN_OBJC_ROOT_CLASS = YES_ERROR;
				CLANG_WARN_RANGE_LOOP_ANALYSIS = YES;
				CLANG_WARN_STRICT_PROTOTYPES = YES;
				CLANG_WARN_SUSPICIOUS_MOVE = YES;
				CLANG_WARN_UNGUARDED_AVAILABILITY = YES_AGGRESSIVE;
				CLANG_WARN_UNREACHABLE_CODE = YES;
				CLANG_WARN__DUPLICATE_METHOD_MATCH = YES;
				CODE_SIGN_IDENTITY = "iPhone Developer";
				COPY_PHASE_STRIP = NO;
				DEBUG_INFORMATION_FORMAT = dwarf;
				ENABLE_STRICT_OBJC_MSGSEND = YES;
				ENABLE_TESTABILITY = YES;
				GCC_C_LANGUAGE_STANDARD = gnu11;
				GCC_DYNAMIC_NO_PIC = NO;
				GCC_NO_COMMON_BLOCKS = YES;
				GCC_OPTIMIZATION_LEVEL = 0;
				GCC_PREPROCESSOR_DEFINITIONS = (
					"DEBUG=1",
					"$(inherited)",
				);
				GCC_WARN_64_TO_32_BIT_CONVERSION = YES;
				GCC_WARN_ABOUT_RETURN_TYPE = YES_ERROR;
				GCC_WARN_UNDECLARED_SELECTOR = YES;
				GCC_WARN_UNINITIALIZED_AUTOS = YES_AGGRESSIVE;
				GCC_WARN_UNUSED_FUNCTION = YES;
				GCC_WARN_UNUSED_VARIABLE = YES;
				IPHONEOS_DEPLOYMENT_TARGET = 11.0;
				MTL_ENABLE_DEBUG_INFO = YES;
				ONLY_ACTIVE_ARCH = YES;
				SDKROOT = iphoneos;
			};
			name = Debug;
		};
		BEC8A74C1F6D7717001BBDBE /* Release */ = {
			isa = XCBuildConfiguration;
			buildSettings = {
				ALWAYS_SEARCH_USER_PATHS = NO;
				CLANG_ANALYZER_NONNULL = YES;
				CLANG_ANALYZER_NUMBER_OBJECT_CONVERSION = YES_AGGRESSIVE;
				CLANG_CXX_LANGUAGE_STANDARD = "gnu++14";
				CLANG_CXX_LIBRARY = "libc++";
				CLANG_ENABLE_MODULES = YES;
				CLANG_ENABLE_OBJC_ARC = YES;
				CLANG_WARN_BLOCK_CAPTURE_AUTORELEASING = YES;
				CLANG_WARN_BOOL_CONVERSION = YES;
				CLANG_WARN_COMMA = YES;
				CLANG_WARN_CONSTANT_CONVERSION = YES;
				CLANG_WARN_DIRECT_OBJC_ISA_USAGE = YES_ERROR;
				CLANG_WARN_DOCUMENTATION_COMMENTS = YES;
				CLANG_WARN_EMPTY_BODY = YES;
				CLANG_WARN_ENUM_CONVERSION = YES;
				CLANG_WARN_INFINITE_RECURSION = YES;
				CLANG_WARN_INT_CONVERSION = YES;
				CLANG_WARN_OBJC_ROOT_CLASS = YES_ERROR;
				CLANG_WARN_RANGE_LOOP_ANALYSIS = YES;
				CLANG_WARN_STRICT_PROTOTYPES = YES;
				CLANG_WARN_SUSPICIOUS_MOVE = YES;
				CLANG_WARN_UNGUARDED_AVAILABILITY = YES_AGGRESSIVE;
				CLANG_WARN_UNREACHABLE_CODE = YES;
				CLANG_WARN__DUPLICATE_METHOD_MATCH = YES;
				CODE_SIGN_IDENTITY = "iPhone Developer";
				COPY_PHASE_STRIP = NO;
				DEBUG_INFORMATION_FORMAT = "dwarf-with-dsym";
				ENABLE_NS_ASSERTIONS = NO;
				ENABLE_STRICT_OBJC_MSGSEND = YES;
				GCC_C_LANGUAGE_STANDARD = gnu11;
				GCC_NO_COMMON_BLOCKS = YES;
				GCC_WARN_64_TO_32_BIT_CONVERSION = YES;
				GCC_WARN_ABOUT_RETURN_TYPE = YES_ERROR;
				GCC_WARN_UNDECLARED_SELECTOR = YES;
				GCC_WARN_UNINITIALIZED_AUTOS = YES_AGGRESSIVE;
				GCC_WARN_UNUSED_FUNCTION = YES;
				GCC_WARN_UNUSED_VARIABLE = YES;
				IPHONEOS_DEPLOYMENT_TARGET = 11.0;
				MTL_ENABLE_DEBUG_INFO = NO;
				SDKROOT = iphoneos;
				VALIDATE_PRODUCT = YES;
			};
			name = Release;
		};
		BEC8A74E1F6D7717001BBDBE /* Debug */ = {
			isa = XCBuildConfiguration;
			buildSettings = {
				ASSETCATALOG_COMPILER_APPICON_NAME = AppIcon;
				DEVELOPMENT_TEAM = 3R5J785EXT;
				INFOPLIST_FILE = Oceans/Info.plist;
				LD_RUNPATH_SEARCH_PATHS = "$(inherited) @executable_path/Frameworks";
				PRODUCT_BUNDLE_IDENTIFIER = com.jasonscharff.Oceans;
				PRODUCT_NAME = "$(TARGET_NAME)";
				TARGETED_DEVICE_FAMILY = "1,2";
			};
			name = Debug;
		};
		BEC8A74F1F6D7717001BBDBE /* Release */ = {
			isa = XCBuildConfiguration;
			buildSettings = {
				ASSETCATALOG_COMPILER_APPICON_NAME = AppIcon;
				DEVELOPMENT_TEAM = 3R5J785EXT;
				INFOPLIST_FILE = Oceans/Info.plist;
				LD_RUNPATH_SEARCH_PATHS = "$(inherited) @executable_path/Frameworks";
				PRODUCT_BUNDLE_IDENTIFIER = com.jasonscharff.Oceans;
				PRODUCT_NAME = "$(TARGET_NAME)";
				TARGETED_DEVICE_FAMILY = "1,2";
			};
			name = Release;
		};
/* End XCBuildConfiguration section */

/* Begin XCConfigurationList section */
		BEC8A7321F6D7717001BBDBE /* Build configuration list for PBXProject "Oceans" */ = {
			isa = XCConfigurationList;
			buildConfigurations = (
				BEC8A74B1F6D7717001BBDBE /* Debug */,
				BEC8A74C1F6D7717001BBDBE /* Release */,
			);
			defaultConfigurationIsVisible = 0;
			defaultConfigurationName = Release;
		};
		BEC8A74D1F6D7717001BBDBE /* Build configuration list for PBXNativeTarget "Oceans" */ = {
			isa = XCConfigurationList;
			buildConfigurations = (
				BEC8A74E1F6D7717001BBDBE /* Debug */,
				BEC8A74F1F6D7717001BBDBE /* Release */,
			);
			defaultConfigurationIsVisible = 0;
			defaultConfigurationName = Release;
		};
/* End XCConfigurationList section */
	};
	rootObject = BEC8A72F1F6D7717001BBDBE /* Project object */;
}
